
Microsoft Visual Studio Solution File, Format Version 12.00
# Visual Studio 15
VisualStudioVersion = 15.0.27703.2042
MinimumVisualStudioVersion = 10.0.40219.1
Project("{9A19103F-16F7-4668-BE54-9A1E7A4F7556}") = "BlogSite", "BlogSite\BlogSite.csproj", "{6307E87F-C796-4CA0-A068-2E5443C054CC}"
EndProject
Project("{FAE04EC0-301F-11D3-BF4B-00C04F79EFBC}") = "BlogSite.Tests", "BlogSite.Tests\BlogSite.Tests.csproj", "{28793B60-3B77-4BCC-A3ED-5795E4F7C022}"
EndProject
Global
	GlobalSection(SolutionConfigurationPlatforms) = preSolution
		Debug|Any CPU = Debug|Any CPU
		Release|Any CPU = Release|Any CPU
	EndGlobalSection
	GlobalSection(ProjectConfigurationPlatforms) = postSolution
		{6307E87F-C796-4CA0-A068-2E5443C054CC}.Debug|Any CPU.ActiveCfg = Debug|Any CPU
		{6307E87F-C796-4CA0-A068-2E5443C054CC}.Debug|Any CPU.Build.0 = Debug|Any CPU
		{6307E87F-C796-4CA0-A068-2E5443C054CC}.Release|Any CPU.ActiveCfg = Release|Any CPU
		{6307E87F-C796-4CA0-A068-2E5443C054CC}.Release|Any CPU.Build.0 = Release|Any CPU
		{28793B60-3B77-4BCC-A3ED-5795E4F7C022}.Debug|Any CPU.ActiveCfg = Debug|Any CPU
		{28793B60-3B77-4BCC-A3ED-5795E4F7C022}.Debug|Any CPU.Build.0 = Debug|Any CPU
		{28793B60-3B77-4BCC-A3ED-5795E4F7C022}.Release|Any CPU.ActiveCfg = Release|Any CPU
		{28793B60-3B77-4BCC-A3ED-5795E4F7C022}.Release|Any CPU.Build.0 = Release|Any CPU
	EndGlobalSection
	GlobalSection(SolutionProperties) = preSolution
		HideSolutionNode = FALSE
	EndGlobalSection
	GlobalSection(ExtensibilityGlobals) = postSolution
		SolutionGuid = {E4AB14D7-0EA8-4683-A6E7-976BE23E16B2}
	EndGlobalSection
EndGlobal
